
Microsoft Visual Studio Solution File, Format Version 12.00
# Visual Studio Version 17
VisualStudioVersion = 17.14.36518.9 d17.14
MinimumVisualStudioVersion = 10.0.40219.1
Project("{FAE04EC0-301F-11D3-BF4B-00C04F79EFBC}") = "Assignment05P2", "Assignment05P2\Assignment05P2.csproj", "{902931C5-C2E8-4A16-9B3C-63A9464ABF95}"
EndProject
Global
	GlobalSection(SolutionConfigurationPlatforms) = preSolution
		Debug|Any CPU = Debug|Any CPU
		Release|Any CPU = Release|Any CPU
	EndGlobalSection
	GlobalSection(ProjectConfigurationPlatforms) = postSolution
		{902931C5-C2E8-4A16-9B3C-63A9464ABF95}.Debug|Any CPU.ActiveCfg = Debug|Any CPU
		{902931C5-C2E8-4A16-9B3C-63A9464ABF95}.Debug|Any CPU.Build.0 = Debug|Any CPU
		{902931C5-C2E8-4A16-9B3C-63A9464ABF95}.Release|Any CPU.ActiveCfg = Release|Any CPU
		{902931C5-C2E8-4A16-9B3C-63A9464ABF95}.Release|Any CPU.Build.0 = Release|Any CPU
	EndGlobalSection
	GlobalSection(SolutionProperties) = preSolution
		HideSolutionNode = FALSE
	EndGlobalSection
	GlobalSection(ExtensibilityGlobals) = postSolution
		SolutionGuid = {BC06A2CB-DF22-470F-982B-A8AD97EC6E5E}
	EndGlobalSection
EndGlobal
